lockfileVersion: '9.0'

settings:
  autoInstallPeers: true
  excludeLinksFromLockfile: false

importers:

  .:
    devDependencies:
      '@gltf-transform/core':
        specifier: 4.4.1
        version: 4.4.1
      '@gltf-transform/extensions':
        specifier: 4.4.1
        version: 4.4.1
      gltf-validator:
        specifier: 2.0.0-dev.3.10
        version: 2.0.0-dev.3.10
      playwright-core:
        specifier: ^1.61.1
        version: 1.62.0

packages:

  '@gltf-transform/core@4.4.1':
    resolution: {integrity: sha512-ygWWFOrj1HnfvBimHF1yHTY4abbeBjn3CvljijaWKoRLMRV/a8pWYQu9rfMFQhfpT5kYZTD5Mp+dizAXPbiTDQ==}

  '@gltf-transform/extensions@4.4.1':
    resolution: {integrity: sha512-dZZ9D/NdpNeJUmQKExtISYtd3W6OxU4njk8UI3IKm6j97uVskYQ24BNi2YP40uUpdWPiREsS/DhjNhWAbGU/1A==}

  gltf-validator@2.0.0-dev.3.10:
    resolution: {integrity: sha512-odJ4k0tRkGXiDGn78yDBg+fBbAIvBnXxh3RwAta0emSxGtyagFE8B4xELB1oYe3S5RD8Ci3uZAsZaascH2LAEQ==}

  ktx-parse@1.1.0:
    resolution: {integrity: sha512-mKp3y+FaYgR7mXWAbyyzpa/r1zDWeaunH+INJO4fou3hb45XuNSwar+7llrRyvpMWafxSIi99RNFJ05MHedaJQ==}

  playwright-core@1.62.0:
    resolution: {integrity: sha512-nsNRyq0r2zsG8AcRHWknc9QRA5XCueC7gWMrs+Gx2tlZn9hcl8zudfh00lhJPY1DE7NmZ6bDsT9g2yey8mXljA==}
    engines: {node: '>=20'}
    hasBin: true

  property-graph@4.1.0:
    resolution: {integrity: sha512-AvPcP7XECNWy4LGmFQ77k7un4lSKM4eS29PTvW4ck95uYeLxXPWJM7hLuBqK91FaHqCcgJvIUCuNJjjxKE7VKQ==}

snapshots:

  '@gltf-transform/core@4.4.1':
    dependencies:
      property-graph: 4.1.0

  '@gltf-transform/extensions@4.4.1':
    dependencies:
      '@gltf-transform/core': 4.4.1
      ktx-parse: 1.1.0

  gltf-validator@2.0.0-dev.3.10: {}

  ktx-parse@1.1.0: {}

  playwright-core@1.62.0: {}

  property-graph@4.1.0: {}
